
Microsoft Visual Studio Solution File, Format Version 12.00
# Visual Studio 15
VisualStudioVersion = 15.0.28010.2026
MinimumVisualStudioVersion = 10.0.40219.1
Project("{FAE04EC0-301F-11D3-BF4B-00C04F79EFBC}") = "ShopListService", "ShopListService\ShopListService.csproj", "{0480ED90-21F2-4283-BC23-C33DFE977116}"
EndProject
Global
	GlobalSection(SolutionConfigurationPlatforms) = preSolution
		Debug|Any CPU = Debug|Any CPU
		Release|Any CPU = Release|Any CPU
	EndGlobalSection
	GlobalSection(ProjectConfigurationPlatforms) = postSolution
		{0480ED90-21F2-4283-BC23-C33DFE977116}.Debug|Any CPU.ActiveCfg = Debug|Any CPU
		{0480ED90-21F2-4283-BC23-C33DFE977116}.Debug|Any CPU.Build.0 = Debug|Any CPU
		{0480ED90-21F2-4283-BC23-C33DFE977116}.Release|Any CPU.ActiveCfg = Release|Any CPU
		{0480ED90-21F2-4283-BC23-C33DFE977116}.Release|Any CPU.Build.0 = Release|Any CPU
	EndGlobalSection
	GlobalSection(SolutionProperties) = preSolution
		HideSolutionNode = FALSE
	EndGlobalSection
	GlobalSection(ExtensibilityGlobals) = postSolution
		SolutionGuid = {10EAA421-4AEB-4C3C-9370-7A74C76272E5}
	EndGlobalSection
EndGlobal
